
Microsoft Visual Studio Solution File, Format Version 12.00
# Visual Studio 15
VisualStudioVersion = 15.0.27130.2020
MinimumVisualStudioVersion = 10.0.40219.1
Project("{FAE04EC0-301F-11D3-BF4B-00C04F79EFBC}") = "Gestione_Biblioteca-Interfacce", "Gestione_Biblioteca-Interfacce\Gestione_Biblioteca-Interfacce.csproj", "{4719F326-C811-4F8A-AF07-9152A62A45C6}"
EndProject
Global
	GlobalSection(SolutionConfigurationPlatforms) = preSolution
		Debug|Any CPU = Debug|Any CPU
		Release|Any CPU = Release|Any CPU
	EndGlobalSection
	GlobalSection(ProjectConfigurationPlatforms) = postSolution
		{4719F326-C811-4F8A-AF07-9152A62A45C6}.Debug|Any CPU.ActiveCfg = Debug|Any CPU
		{4719F326-C811-4F8A-AF07-9152A62A45C6}.Debug|Any CPU.Build.0 = Debug|Any CPU
		{4719F326-C811-4F8A-AF07-9152A62A45C6}.Release|Any CPU.ActiveCfg = Release|Any CPU
		{4719F326-C811-4F8A-AF07-9152A62A45C6}.Release|Any CPU.Build.0 = Release|Any CPU
	EndGlobalSection
	GlobalSection(SolutionProperties) = preSolution
		HideSolutionNode = FALSE
	EndGlobalSection
	GlobalSection(ExtensibilityGlobals) = postSolution
		SolutionGuid = {D8D82FBE-EBD9-48BF-90C3-E5D25D57F9D7}
	EndGlobalSection
EndGlobal
